{
  "name": "board",
  "lockfileVersion": 2,
  "requires": true,
  "packages": {
    "": {
      "dependencies": {
        "bootstrap": "^5.3.0-alpha1",
        "pocketbase": "^0.9.1",
        "svelte": "^3.55.0",
        "sveltestrap": "^5.10.0"
      }
    },
    "node_modules/@popperjs/core": {
      "version": "2.11.6",
      "resolved": "https://registry.npmjs.org/@popperjs/core/-/core-2.11.6.tgz",
      "integrity": "sha512-50/17A98tWUfQ176raKiOGXuYpLyyVMkxxG6oylzL3BPOlA6ADGdK7EYunSa4I064xerltq9TGXs8HmOk5E+vw==",
      "funding": {
        "type": "opencollective",
        "url": "https://opencollective.com/popperjs"
      }
    },
    "node_modules/bootstrap": {
      "version": "5.3.0-alpha1",
      "resolved": "https://registry.npmjs.org/bootstrap/-/bootstrap-5.3.0-alpha1.tgz",
      "integrity": "sha512-ABZpKK4ObS3kKlIqH+ZVDqoy5t/bhFG0oHTAzByUdon7YIom0lpCeTqRniDzJmbtcWkNe800VVPBiJgxSYTYew==",
      "funding": [
        {
          "type": "github",
          "url": "https://github.com/sponsors/twbs"
        },
        {
          "type": "opencollective",
          "url": "https://opencollective.com/bootstrap"
        }
      ],
      "peerDependencies": {
        "@popperjs/core": "^2.11.6"
      }
    },
    "node_modules/pocketbase": {
      "version": "0.9.1",
      "resolved": "https://registry.npmjs.org/pocketbase/-/pocketbase-0.9.1.tgz",
      "integrity": "sha512-a9S/WHak+mgr3WI8bD2tz3lFVFzoy6ZgKTBlUXwIH4VLTKVU3JKeAKxqIFBF7av4qblmB+52tX8sWLS08Ftm/w=="
    },
    "node_modules/svelte": {
      "version": "3.55.0",
      "resolved": "https://registry.npmjs.org/svelte/-/svelte-3.55.0.tgz",
      "integrity": "sha512-uGu2FVMlOuey4JoKHKrpZFkoYyj0VLjJdz47zX5+gVK5odxHM40RVhar9/iK2YFRVxvfg9FkhfVlR0sjeIrOiA==",
      "engines": {
        "node": ">= 8"
      }
    },
    "node_modules/sveltestrap": {
      "version": "5.10.0",
      "resolved": "https://registry.npmjs.org/sveltestrap/-/sveltestrap-5.10.0.tgz",
      "integrity": "sha512-k6Ob+6G2AMYvBidXHBKM9W28fJqFHbmosqCe/NC8pv6TV7K+v47Yw+zmnLWkjqCzzmjkSLkL48SrHZrlWc9mYQ==",
      "dependencies": {
        "@popperjs/core": "^2.9.2"
      },
      "peerDependencies": {
        "svelte": "^3.29.0"
      }
    }
  },
  "dependencies": {
    "@popperjs/core": {
      "version": "2.11.6",
      "resolved": "https://registry.npmjs.org/@popperjs/core/-/core-2.11.6.tgz",
      "integrity": "sha512-50/17A98tWUfQ176raKiOGXuYpLyyVMkxxG6oylzL3BPOlA6ADGdK7EYunSa4I064xerltq9TGXs8HmOk5E+vw=="
    },
    "bootstrap": {
      "version": "5.3.0-alpha1",
      "resolved": "https://registry.npmjs.org/bootstrap/-/bootstrap-5.3.0-alpha1.tgz",
      "integrity": "sha512-ABZpKK4ObS3kKlIqH+ZVDqoy5t/bhFG0oHTAzByUdon7YIom0lpCeTqRniDzJmbtcWkNe800VVPBiJgxSYTYew==",
      "requires": {}
    },
    "pocketbase": {
      "version": "0.9.1",
      "resolved": "https://registry.npmjs.org/pocketbase/-/pocketbase-0.9.1.tgz",
      "integrity": "sha512-a9S/WHak+mgr3WI8bD2tz3lFVFzoy6ZgKTBlUXwIH4VLTKVU3JKeAKxqIFBF7av4qblmB+52tX8sWLS08Ftm/w=="
    },
    "svelte": {
      "version": "3.55.0",
      "resolved": "https://registry.npmjs.org/svelte/-/svelte-3.55.0.tgz",
      "integrity": "sha512-uGu2FVMlOuey4JoKHKrpZFkoYyj0VLjJdz47zX5+gVK5odxHM40RVhar9/iK2YFRVxvfg9FkhfVlR0sjeIrOiA=="
    },
    "sveltestrap": {
      "version": "5.10.0",
      "resolved": "https://registry.npmjs.org/sveltestrap/-/sveltestrap-5.10.0.tgz",
      "integrity": "sha512-k6Ob+6G2AMYvBidXHBKM9W28fJqFHbmosqCe/NC8pv6TV7K+v47Yw+zmnLWkjqCzzmjkSLkL48SrHZrlWc9mYQ==",
      "requires": {
        "@popperjs/core": "^2.9.2"
      }
    }
  }
}
